
Microsoft Visual Studio Solution File, Format Version 12.00
# Visual Studio Version 17
VisualStudioVersion = 17.13.35828.75 d17.13
MinimumVisualStudioVersion = 10.0.40219.1
Project("{FAE04EC0-301F-11D3-BF4B-00C04F79EFBC}") = "MauiAppTempoAgora2", "MauiAppTempoAgora2\MauiAppTempoAgora2.csproj", "{2BFC6B46-3436-46EE-A1C5-1058EE3A4426}"
EndProject
Global
	GlobalSection(SolutionConfigurationPlatforms) = preSolution
		Debug|Any CPU = Debug|Any CPU
		Release|Any CPU = Release|Any CPU
	EndGlobalSection
	GlobalSection(ProjectConfigurationPlatforms) = postSolution
		{2BFC6B46-3436-46EE-A1C5-1058EE3A4426}.Debug|Any CPU.ActiveCfg = Debug|Any CPU
		{2BFC6B46-3436-46EE-A1C5-1058EE3A4426}.Debug|Any CPU.Build.0 = Debug|Any CPU
		{2BFC6B46-3436-46EE-A1C5-1058EE3A4426}.Debug|Any CPU.Deploy.0 = Debug|Any CPU
		{2BFC6B46-3436-46EE-A1C5-1058EE3A4426}.Release|Any CPU.ActiveCfg = Release|Any CPU
		{2BFC6B46-3436-46EE-A1C5-1058EE3A4426}.Release|Any CPU.Build.0 = Release|Any CPU
		{2BFC6B46-3436-46EE-A1C5-1058EE3A4426}.Release|Any CPU.Deploy.0 = Release|Any CPU
	EndGlobalSection
	GlobalSection(SolutionProperties) = preSolution
		HideSolutionNode = FALSE
	EndGlobalSection
	GlobalSection(ExtensibilityGlobals) = postSolution
		SolutionGuid = {39336F6B-11F8-4310-A3D2-E6E4998876A8}
	EndGlobalSection
EndGlobal
